// !$*UTF8*$!
{
	archiveVersion = 1;
	classes = {
	};
	objectVersion = 46;
	objects = {

/* Begin PBXBuildFile section */
		0020ECCD1D79EB9A001DF829 /* ViewControllerAbout.swift in Sources */ = {isa = PBXBuildFile; fileRef = 0020ECCC1D79EB9A001DF829 /* ViewControllerAbout.swift */; };
		00507CF71D7ADA8A0002FD9C /* MockPhoto.swift in Sources */ = {isa = PBXBuildFile; fileRef = 00507CF31D7ADA8A0002FD9C /* MockPhoto.swift */; };
		00507CF91D7ADA8A0002FD9C /* MockTag.swift in Sources */ = {isa = PBXBuildFile; fileRef = 00507CF51D7ADA8A0002FD9C /* MockTag.swift */; };
		00507CFA1D7ADA8A0002FD9C /* MockTagDAO.swift in Sources */ = {isa = PBXBuildFile; fileRef = 00507CF61D7ADA8A0002FD9C /* MockTagDAO.swift */; };
		00507CFC1D7B02A20002FD9C /* MockPhotoDAO.swift in Sources */ = {isa = PBXBuildFile; fileRef = 00507CFB1D7B02A20002FD9C /* MockPhotoDAO.swift */; };
		00E5693A1D7B16B90065205F /* SearchTableViewController.swift in Sources */ = {isa = PBXBuildFile; fileRef = 00E569391D7B16B90065205F /* SearchTableViewController.swift */; };
		00E5693C1D7B4D470065205F /* SearchTableViewCell.swift in Sources */ = {isa = PBXBuildFile; fileRef = 00E5693B1D7B4D470065205F /* SearchTableViewCell.swift */; };
		00E5693E1D7B50B10065205F /* PhotoSearchViewModel.swift in Sources */ = {isa = PBXBuildFile; fileRef = 00E5693D1D7B50B10065205F /* PhotoSearchViewModel.swift */; };
		00F46C4D1D7CC087003C5A87 /* ShowPhotosViewController.swift in Sources */ = {isa = PBXBuildFile; fileRef = 00F46C4C1D7CC087003C5A87 /* ShowPhotosViewController.swift */; };
		3F041F2B1D79B93200DED750 /* ViewController.swift in Sources */ = {isa = PBXBuildFile; fileRef = 3F041F2A1D79B93200DED750 /* ViewController.swift */; };
		3F041F2E1D79B93200DED750 /* Main.storyboard in Resources */ = {isa = PBXBuildFile; fileRef = 3F041F2C1D79B93200DED750 /* Main.storyboard */; };
		3F041F331D79B93200DED750 /* Assets.xcassets in Resources */ = {isa = PBXBuildFile; fileRef = 3F041F321D79B93200DED750 /* Assets.xcassets */; };
		3F041F361D79B93200DED750 /* LaunchScreen.storyboard in Resources */ = {isa = PBXBuildFile; fileRef = 3F041F341D79B93200DED750 /* LaunchScreen.storyboard */; };
		3F041F3E1D79BEDB00DED750 /* CoreLocation.framework in Frameworks */ = {isa = PBXBuildFile; fileRef = 3F041F3D1D79BEDB00DED750 /* CoreLocation.framework */; };
		3F041F401D79BEE300DED750 /* MapKit.framework in Frameworks */ = {isa = PBXBuildFile; fileRef = 3F041F3F1D79BEE300DED750 /* MapKit.framework */; };
		3F1F9A621D7EF41300B00924 /* DetailsViewController.swift in Sources */ = {isa = PBXBuildFile; fileRef = 3F1F9A611D7EF41300B00924 /* DetailsViewController.swift */; };
		3F1F9A641D7F041800B00924 /* Unknown-1.jpeg in Resources */ = {isa = PBXBuildFile; fileRef = 3F1F9A631D7F041800B00924 /* Unknown-1.jpeg */; };
		3F4289A41D7D9E05001F2027 /* FotoViewController.swift in Sources */ = {isa = PBXBuildFile; fileRef = 3F4289A31D7D9E05001F2027 /* FotoViewController.swift */; };
		3FDD34831D79BCE600AC2D8A /* LosHermanosTuristas.xcdatamodeld in Sources */ = {isa = PBXBuildFile; fileRef = 3FDD34811D79BCE600AC2D8A /* LosHermanosTuristas.xcdatamodeld */; };
		3FDD34991D79BF6200AC2D8A /* Tag+CoreDataProperties.swift in Sources */ = {isa = PBXBuildFile; fileRef = 3FDD34951D79BF6200AC2D8A /* Tag+CoreDataProperties.swift */; };
		3FDD349A1D79BF6200AC2D8A /* Tag.swift in Sources */ = {isa = PBXBuildFile; fileRef = 3FDD34961D79BF6200AC2D8A /* Tag.swift */; };
		3FDD349B1D79BF6200AC2D8A /* Photo+CoreDataProperties.swift in Sources */ = {isa = PBXBuildFile; fileRef = 3FDD34971D79BF6200AC2D8A /* Photo+CoreDataProperties.swift */; };
		3FDD349C1D79BF6200AC2D8A /* Photo.swift in Sources */ = {isa = PBXBuildFile; fileRef = 3FDD34981D79BF6200AC2D8A /* Photo.swift */; };
		3FDD349E1D79BF8900AC2D8A /* PhotoDAO.swift in Sources */ = {isa = PBXBuildFile; fileRef = 3FDD349D1D79BF8900AC2D8A /* PhotoDAO.swift */; };
		3FDD34A01D79C2E700AC2D8A /* TagDAO.swift in Sources */ = {isa = PBXBuildFile; fileRef = 3FDD349F1D79C2E700AC2D8A /* TagDAO.swift */; };
		3FDD34A21D79C47B00AC2D8A /* AppDelegate.swift in Sources */ = {isa = PBXBuildFile; fileRef = 3FDD34A11D79C47B00AC2D8A /* AppDelegate.swift */; };
/* End PBXBuildFile section */

/* Begin PBXFileReference section */
		0020ECCC1D79EB9A001DF829 /* ViewControllerAbout.swift */ = {isa = PBXFileReference; fileEncoding = 4; lastKnownFileType = sourcecode.swift; path = ViewControllerAbout.swift; sourceTree = "<group>"; };
		00507CF31D7ADA8A0002FD9C /* MockPhoto.swift */ = {isa = PBXFileReference; fileEncoding = 4; lastKnownFileType = sourcecode.swift; path = MockPhoto.swift; sourceTree = "<group>"; };
		00507CF51D7ADA8A0002FD9C /* MockTag.swift */ = {isa = PBXFileReference; fileEncoding = 4; lastKnownFileType = sourcecode.swift; path = MockTag.swift; sourceTree = "<group>"; };
		00507CF61D7ADA8A0002FD9C /* MockTagDAO.swift */ = {isa = PBXFileReference; fileEncoding = 4; lastKnownFileType = sourcecode.swift; path = MockTagDAO.swift; sourceTree = "<group>"; };
		00507CFB1D7B02A20002FD9C /* MockPhotoDAO.swift */ = {isa = PBXFileReference; fileEncoding = 4; lastKnownFileType = sourcecode.swift; path = MockPhotoDAO.swift; sourceTree = "<group>"; };
		00E569391D7B16B90065205F /* SearchTableViewController.swift */ = {isa = PBXFileReference; fileEncoding = 4; lastKnownFileType = sourcecode.swift; path = SearchTableViewController.swift; sourceTree = "<group>"; };
		00E5693B1D7B4D470065205F /* SearchTableViewCell.swift */ = {isa = PBXFileReference; fileEncoding = 4; lastKnownFileType = sourcecode.swift; path = SearchTableViewCell.swift; sourceTree = "<group>"; };
		00E5693D1D7B50B10065205F /* PhotoSearchViewModel.swift */ = {isa = PBXFileReference; fileEncoding = 4; lastKnownFileType = sourcecode.swift; path = PhotoSearchViewModel.swift; sourceTree = "<group>"; };
		00F46C4C1D7CC087003C5A87 /* ShowPhotosViewController.swift */ = {isa = PBXFileReference; fileEncoding = 4; lastKnownFileType = sourcecode.swift; path = ShowPhotosViewController.swift; sourceTree = "<group>"; };
		3F041F251D79B93200DED750 /* LosHermanosTuristas.app */ = {isa = PBXFileReference; explicitFileType = wrapper.application; includeInIndex = 0; path = LosHermanosTuristas.app; sourceTree = BUILT_PRODUCTS_DIR; };
		3F041F2A1D79B93200DED750 /* ViewController.swift */ = {isa = PBXFileReference; lastKnownFileType = sourcecode.swift; path = ViewController.swift; sourceTree = "<group>"; };
		3F041F2D1D79B93200DED750 /* Base */ = {isa = PBXFileReference; lastKnownFileType = file.storyboard; name = Base; path = Base.lproj/Main.storyboard; sourceTree = "<group>"; };
		3F041F321D79B93200DED750 /* Assets.xcassets */ = {isa = PBXFileReference; lastKnownFileType = folder.assetcatalog; path = Assets.xcassets; sourceTree = "<group>"; };
		3F041F351D79B93200DED750 /* Base */ = {isa = PBXFileReference; lastKnownFileType = file.storyboard; name = Base; path = Base.lproj/LaunchScreen.storyboard; sourceTree = "<group>"; };
		3F041F371D79B93200DED750 /* Info.plist */ = {isa = PBXFileReference; lastKnownFileType = text.plist.xml; path = Info.plist; sourceTree = "<group>"; };
		3F041F3D1D79BEDB00DED750 /* CoreLocation.framework */ = {isa = PBXFileReference; lastKnownFileType = wrapper.framework; name = CoreLocation.framework; path = System/Library/Frameworks/CoreLocation.framework; sourceTree = SDKROOT; };
		3F041F3F1D79BEE300DED750 /* MapKit.framework */ = {isa = PBXFileReference; lastKnownFileType = wrapper.framework; name = MapKit.framework; path = System/Library/Frameworks/MapKit.framework; sourceTree = SDKROOT; };
		3F1F9A611D7EF41300B00924 /* DetailsViewController.swift */ = {isa = PBXFileReference; fileEncoding = 4; lastKnownFileType = sourcecode.swift; path = DetailsViewController.swift; sourceTree = "<group>"; };
		3F1F9A631D7F041800B00924 /* Unknown-1.jpeg */ = {isa = PBXFileReference; lastKnownFileType = image.jpeg; path = "Unknown-1.jpeg"; sourceTree = "<group>"; };
		3F4289A31D7D9E05001F2027 /* FotoViewController.swift */ = {isa = PBXFileReference; fileEncoding = 4; lastKnownFileType = sourcecode.swift; name = FotoViewController.swift; path = LosHermanosTuristas/FotoViewController.swift; sourceTree = "<group>"; };
		3FDD34821D79BCE600AC2D8A /* LosHermanosTuristas.xcdatamodel */ = {isa = PBXFileReference; lastKnownFileType = wrapper.xcdatamodel; path = LosHermanosTuristas.xcdatamodel; sourceTree = "<group>"; };
		3FDD34951D79BF6200AC2D8A /* Tag+CoreDataProperties.swift */ = {isa = PBXFileReference; fileEncoding = 4; lastKnownFileType = sourcecode.swift; path = "Tag+CoreDataProperties.swift"; sourceTree = "<group>"; };
		3FDD34961D79BF6200AC2D8A /* Tag.swift */ = {isa = PBXFileReference; fileEncoding = 4; lastKnownFileType = sourcecode.swift; path = Tag.swift; sourceTree = "<group>"; };
		3FDD34971D79BF6200AC2D8A /* Photo+CoreDataProperties.swift */ = {isa = PBXFileReference; fileEncoding = 4; lastKnownFileType = sourcecode.swift; path = "Photo+CoreDataProperties.swift"; sourceTree = "<group>"; };
		3FDD34981D79BF6200AC2D8A /* Photo.swift */ = {isa = PBXFileReference; fileEncoding = 4; lastKnownFileType = sourcecode.swift; path = Photo.swift; sourceTree = "<group>"; };
		3FDD349D1D79BF8900AC2D8A /* PhotoDAO.swift */ = {isa = PBXFileReference; fileEncoding = 4; lastKnownFileType = sourcecode.swift; path = PhotoDAO.swift; sourceTree = "<group>"; };
		3FDD349F1D79C2E700AC2D8A /* TagDAO.swift */ = {isa = PBXFileReference; fileEncoding = 4; lastKnownFileType = sourcecode.swift; path = TagDAO.swift; sourceTree = "<group>"; };
		3FDD34A11D79C47B00AC2D8A /* AppDelegate.swift */ = {isa = PBXFileReference; fileEncoding = 4; lastKnownFileType = sourcecode.swift; path = AppDelegate.swift; sourceTree = "<group>"; };
/* End PBXFileReference section */

/* Begin PBXFrameworksBuildPhase section */
		3F041F221D79B93200DED750 /* Frameworks */ = {
			isa = PBXFrameworksBuildPhase;
			buildActionMask = 2147483647;
			files = (
				3F041F3E1D79BEDB00DED750 /* CoreLocation.framework in Frameworks */,
				3F041F401D79BEE300DED750 /* MapKit.framework in Frameworks */,
			);
			runOnlyForDeploymentPostprocessing = 0;
		};
/* End PBXFrameworksBuildPhase section */

/* Begin PBXGroup section */
		00507CF21D7ADA600002FD9C /* MockDAO */ = {
			isa = PBXGroup;
			children = (
				00507CFB1D7B02A20002FD9C /* MockPhotoDAO.swift */,
				00507CF31D7ADA8A0002FD9C /* MockPhoto.swift */,
				00507CF51D7ADA8A0002FD9C /* MockTag.swift */,
				00507CF61D7ADA8A0002FD9C /* MockTagDAO.swift */,
			);
			name = MockDAO;
			sourceTree = "<group>";
		};
		3F041F1C1D79B93200DED750 = {
			isa = PBXGroup;
			children = (
				3F041F3F1D79BEE300DED750 /* MapKit.framework */,
				3F041F3D1D79BEDB00DED750 /* CoreLocation.framework */,
				3F041F271D79B93200DED750 /* LosHermanosTuristas */,
				3F041F261D79B93200DED750 /* Products */,
			);
			sourceTree = "<group>";
		};
		3F041F261D79B93200DED750 /* Products */ = {
			isa = PBXGroup;
			children = (
				3F041F251D79B93200DED750 /* LosHermanosTuristas.app */,
			);
			name = Products;
			sourceTree = "<group>";
		};
		3F041F271D79B93200DED750 /* LosHermanosTuristas */ = {
			isa = PBXGroup;
			children = (
				3F4289A21D7D8D72001F2027 /* OtherStuff */,
				3F4289A01D7D8D29001F2027 /* ViewModels */,
				3F42899F1D7D8D12001F2027 /* Views */,
				3F42899E1D7D8CEE001F2027 /* Controllers */,
				00507CF21D7ADA600002FD9C /* MockDAO */,
				3FDD348C1D79BDEC00AC2D8A /* DAO */,
			);
			path = LosHermanosTuristas;
			sourceTree = "<group>";
		};
		3F42899E1D7D8CEE001F2027 /* Controllers */ = {
			isa = PBXGroup;
			children = (
				3F1F9A611D7EF41300B00924 /* DetailsViewController.swift */,
				3F4289A31D7D9E05001F2027 /* FotoViewController.swift */,
				0020ECCC1D79EB9A001DF829 /* ViewControllerAbout.swift */,
				3F041F2A1D79B93200DED750 /* ViewController.swift */,
				00E569391D7B16B90065205F /* SearchTableViewController.swift */,
				00F46C4C1D7CC087003C5A87 /* ShowPhotosViewController.swift */,
			);
			name = Controllers;
			sourceTree = "<group>";
		};
		3F42899F1D7D8D12001F2027 /* Views */ = {
			isa = PBXGroup;
			children = (
				3F041F2C1D79B93200DED750 /* Main.storyboard */,
				00E5693B1D7B4D470065205F /* SearchTableViewCell.swift */,
				3F041F341D79B93200DED750 /* LaunchScreen.storyboard */,
			);
			name = Views;
			sourceTree = "<group>";
		};
		3F4289A01D7D8D29001F2027 /* ViewModels */ = {
			isa = PBXGroup;
			children = (
				00E5693D1D7B50B10065205F /* PhotoSearchViewModel.swift */,
			);
			name = ViewModels;
			sourceTree = "<group>";
		};
		3F4289A21D7D8D72001F2027 /* OtherStuff */ = {
			isa = PBXGroup;
			children = (
				3F1F9A631D7F041800B00924 /* Unknown-1.jpeg */,
				3F041F321D79B93200DED750 /* Assets.xcassets */,
				3FDD34A11D79C47B00AC2D8A /* AppDelegate.swift */,
				3F041F371D79B93200DED750 /* Info.plist */,
			);
			name = OtherStuff;
			sourceTree = "<group>";
		};
		3FDD348C1D79BDEC00AC2D8A /* DAO */ = {
			isa = PBXGroup;
			children = (
				3FDD34811D79BCE600AC2D8A /* LosHermanosTuristas.xcdatamodeld */,
				3FDD34951D79BF6200AC2D8A /* Tag+CoreDataProperties.swift */,
				3FDD34961D79BF6200AC2D8A /* Tag.swift */,
				3FDD34971D79BF6200AC2D8A /* Photo+CoreDataProperties.swift */,
				3FDD34981D79BF6200AC2D8A /* Photo.swift */,
				3FDD349D1D79BF8900AC2D8A /* PhotoDAO.swift */,
				3FDD349F1D79C2E700AC2D8A /* TagDAO.swift */,
			);
			name = DAO;
			sourceTree = "<group>";
		};
/* End PBXGroup section */

/* Begin PBXNativeTarget section */
		3F041F241D79B93200DED750 /* LosHermanosTuristas */ = {
			isa = PBXNativeTarget;
			buildConfigurationList = 3F041F3A1D79B93200DED750 /* Build configuration list for PBXNativeTarget "LosHermanosTuristas" */;
			buildPhases = (
				3F041F211D79B93200DED750 /* Sources */,
				3F041F221D79B93200DED750 /* Frameworks */,
				3F041F231D79B93200DED750 /* Resources */,
			);
			buildRules = (
			);
			dependencies = (
			);
			name = LosHermanosTuristas;
			productName = LosHermanosTuristas;
			productReference = 3F041F251D79B93200DED750 /* LosHermanosTuristas.app */;
			productType = "com.apple.product-type.application";
		};
/* End PBXNativeTarget section */

/* Begin PBXProject section */
		3F041F1D1D79B93200DED750 /* Project object */ = {
			isa = PBXProject;
			attributes = {
				LastSwiftUpdateCheck = 0730;
				LastUpgradeCheck = 0730;
				ORGANIZATIONNAME = BR.PUCRS.INF.HACKATRUCK;
				TargetAttributes = {
					3F041F241D79B93200DED750 = {
						CreatedOnToolsVersion = 7.3.1;
						DevelopmentTeam = 248ZCZ5T93;
					};
				};
			};
			buildConfigurationList = 3F041F201D79B93200DED750 /* Build configuration list for PBXProject "LosHermanosTuristas" */;
			compatibilityVersion = "Xcode 3.2";
			developmentRegion = English;
			hasScannedForEncodings = 0;
			knownRegions = (
				en,
				Base,
			);
			mainGroup = 3F041F1C1D79B93200DED750;
			productRefGroup = 3F041F261D79B93200DED750 /* Products */;
			projectDirPath = "";
			projectRoot = "";
			targets = (
				3F041F241D79B93200DED750 /* LosHermanosTuristas */,
			);
		};
/* End PBXProject section */

/* Begin PBXResourcesBuildPhase section */
		3F041F231D79B93200DED750 /* Resources */ = {
			isa = PBXResourcesBuildPhase;
			buildActionMask = 2147483647;
			files = (
				3F1F9A641D7F041800B00924 /* Unknown-1.jpeg in Resources */,
				3F041F361D79B93200DED750 /* LaunchScreen.storyboard in Resources */,
				3F041F331D79B93200DED750 /* Assets.xcassets in Resources */,
				3F041F2E1D79B93200DED750 /* Main.storyboard in Resources */,
			);
			runOnlyForDeploymentPostprocessing = 0;
		};
/* End PBXResourcesBuildPhase section */

/* Begin PBXSourcesBuildPhase section */
		3F041F211D79B93200DED750 /* Sources */ = {
			isa = PBXSourcesBuildPhase;
			buildActionMask = 2147483647;
			files = (
				3FDD349C1D79BF6200AC2D8A /* Photo.swift in Sources */,
				3FDD349A1D79BF6200AC2D8A /* Tag.swift in Sources */,
				00E5693E1D7B50B10065205F /* PhotoSearchViewModel.swift in Sources */,
				3FDD349E1D79BF8900AC2D8A /* PhotoDAO.swift in Sources */,
				3F4289A41D7D9E05001F2027 /* FotoViewController.swift in Sources */,
				3FDD34A21D79C47B00AC2D8A /* AppDelegate.swift in Sources */,
				3FDD34831D79BCE600AC2D8A /* LosHermanosTuristas.xcdatamodeld in Sources */,
				00507CF91D7ADA8A0002FD9C /* MockTag.swift in Sources */,
				00507CFC1D7B02A20002FD9C /* MockPhotoDAO.swift in Sources */,
				00E5693A1D7B16B90065205F /* SearchTableViewController.swift in Sources */,
				00507CFA1D7ADA8A0002FD9C /* MockTagDAO.swift in Sources */,
				3F041F2B1D79B93200DED750 /* ViewController.swift in Sources */,
				00507CF71D7ADA8A0002FD9C /* MockPhoto.swift in Sources */,
				00F46C4D1D7CC087003C5A87 /* ShowPhotosViewController.swift in Sources */,
				0020ECCD1D79EB9A001DF829 /* ViewControllerAbout.swift in Sources */,
				3FDD349B1D79BF6200AC2D8A /* Photo+CoreDataProperties.swift in Sources */,
				00E5693C1D7B4D470065205F /* SearchTableViewCell.swift in Sources */,
				3FDD34991D79BF6200AC2D8A /* Tag+CoreDataProperties.swift in Sources */,
				3FDD34A01D79C2E700AC2D8A /* TagDAO.swift in Sources */,
				3F1F9A621D7EF41300B00924 /* DetailsViewController.swift in Sources */,
			);
			runOnlyForDeploymentPostprocessing = 0;
		};
/* End PBXSourcesBuildPhase section */

/* Begin PBXVariantGroup section */
		3F041F2C1D79B93200DED750 /* Main.storyboard */ = {
			isa = PBXVariantGroup;
			children = (
				3F041F2D1D79B93200DED750 /* Base */,
			);
			name = Main.storyboard;
			sourceTree = "<group>";
		};
		3F041F341D79B93200DED750 /* LaunchScreen.storyboard */ = {
			isa = PBXVariantGroup;
			children = (
				3F041F351D79B93200DED750 /* Base */,
			);
			name = LaunchScreen.storyboard;
			sourceTree = "<group>";
		};
/* End PBXVariantGroup section */

/* Begin XCBuildConfiguration section */
		3F041F381D79B93200DED750 /* Debug */ = {
			isa = XCBuildConfiguration;
			buildSettings = {
				ALWAYS_SEARCH_USER_PATHS = NO;
				CLANG_ANALYZER_NONNULL = YES;
				CLANG_CXX_LANGUAGE_STANDARD = "gnu++0x";
				CLANG_CXX_LIBRARY = "libc++";
				CLANG_ENABLE_MODULES = YES;
				CLANG_ENABLE_OBJC_ARC = YES;
				CLANG_WARN_BOOL_CONVERSION = YES;
				CLANG_WARN_CONSTANT_CONVERSION = YES;
				CLANG_WARN_DIRECT_OBJC_ISA_USAGE = YES_ERROR;
				CLANG_WARN_EMPTY_BODY = YES;
				CLANG_WARN_ENUM_CONVERSION = YES;
				CLANG_WARN_INT_CONVERSION = YES;
				CLANG_WARN_OBJC_ROOT_CLASS = YES_ERROR;
				CLANG_WARN_UNREACHABLE_CODE = YES;
				CLANG_WARN__DUPLICATE_METHOD_MATCH = YES;
				"CODE_SIGN_IDENTITY[sdk=iphoneos*]" = "iPhone Developer";
				COPY_PHASE_STRIP = NO;
				DEBUG_INFORMATION_FORMAT = dwarf;
				ENABLE_STRICT_OBJC_MSGSEND = YES;
				ENABLE_TESTABILITY = YES;
				GCC_C_LANGUAGE_STANDARD = gnu99;
				GCC_DYNAMIC_NO_PIC = NO;
				GCC_NO_COMMON_BLOCKS = YES;
				GCC_OPTIMIZATION_LEVEL = 0;
				GCC_PREPROCESSOR_DEFINITIONS = (
					"DEBUG=1",
					"$(inherited)",
				);
				GCC_WARN_64_TO_32_BIT_CONVERSION = YES;
				GCC_WARN_ABOUT_RETURN_TYPE = YES_ERROR;
				GCC_WARN_UNDECLARED_SELECTOR = YES;
				GCC_WARN_UNINITIALIZED_AUTOS = YES_AGGRESSIVE;
				GCC_WARN_UNUSED_FUNCTION = YES;
				GCC_WARN_UNUSED_VARIABLE = YES;
				IPHONEOS_DEPLOYMENT_TARGET = 9.3;
				MTL_ENABLE_DEBUG_INFO = YES;
				ONLY_ACTIVE_ARCH = YES;
				SDKROOT = iphoneos;
				SWIFT_OPTIMIZATION_LEVEL = "-Onone";
				TARGETED_DEVICE_FAMILY = "1,2";
			};
			name = Debug;
		};
		3F041F391D79B93200DED750 /* Release */ = {
			isa = XCBuildConfiguration;
			buildSettings = {
				ALWAYS_SEARCH_USER_PATHS = NO;
				CLANG_ANALYZER_NONNULL = YES;
				CLANG_CXX_LANGUAGE_STANDARD = "gnu++0x";
				CLANG_CXX_LIBRARY = "libc++";
				CLANG_ENABLE_MODULES = YES;
				CLANG_ENABLE_OBJC_ARC = YES;
				CLANG_WARN_BOOL_CONVERSION = YES;
				CLANG_WARN_CONSTANT_CONVERSION = YES;
				CLANG_WARN_DIRECT_OBJC_ISA_USAGE = YES_ERROR;
				CLANG_WARN_EMPTY_BODY = YES;
				CLANG_WARN_ENUM_CONVERSION = YES;
				CLANG_WARN_INT_CONVERSION = YES;
				CLANG_WARN_OBJC_ROOT_CLASS = YES_ERROR;
				CLANG_WARN_UNREACHABLE_CODE = YES;
				CLANG_WARN__DUPLICATE_METHOD_MATCH = YES;
				"CODE_SIGN_IDENTITY[sdk=iphoneos*]" = "iPhone Developer";
				COPY_PHASE_STRIP = NO;
				DEBUG_INFORMATION_FORMAT = "dwarf-with-dsym";
				ENABLE_NS_ASSERTIONS = NO;
				ENABLE_STRICT_OBJC_MSGSEND = YES;
				GCC_C_LANGUAGE_STANDARD = gnu99;
				GCC_NO_COMMON_BLOCKS = YES;
				GCC_WARN_64_TO_32_BIT_CONVERSION = YES;
				GCC_WARN_ABOUT_RETURN_TYPE = YES_ERROR;
				GCC_WARN_UNDECLARED_SELECTOR = YES;
				GCC_WARN_UNINITIALIZED_AUTOS = YES_AGGRESSIVE;
				GCC_WARN_UNUSED_FUNCTION = YES;
				GCC_WARN_UNUSED_VARIABLE = YES;
				IPHONEOS_DEPLOYMENT_TARGET = 9.3;
				MTL_ENABLE_DEBUG_INFO = NO;
				SDKROOT = iphoneos;
				TARGETED_DEVICE_FAMILY = "1,2";
				VALIDATE_PRODUCT = YES;
			};
			name = Release;
		};
		3F041F3B1D79B93200DED750 /* Debug */ = {
			isa = XCBuildConfiguration;
			buildSettings = {
				ASSETCATALOG_COMPILER_APPICON_NAME = AppIcon;
				CODE_SIGN_IDENTITY = "iPhone Developer";
				"CODE_SIGN_IDENTITY[sdk=iphoneos*]" = "iPhone Developer";
				INFOPLIST_FILE = LosHermanosTuristas/Info.plist;
				LD_RUNPATH_SEARCH_PATHS = "$(inherited) @executable_path/Frameworks";
				PRODUCT_BUNDLE_IDENTIFIER = hackatruck.LosHermanosTuristas18;
				PRODUCT_NAME = "$(TARGET_NAME)";
				PROVISIONING_PROFILE = "";
			};
			name = Debug;
		};
		3F041F3C1D79B93200DED750 /* Release */ = {
			isa = XCBuildConfiguration;
			buildSettings = {
				ASSETCATALOG_COMPILER_APPICON_NAME = AppIcon;
				CODE_SIGN_IDENTITY = "iPhone Developer";
				"CODE_SIGN_IDENTITY[sdk=iphoneos*]" = "iPhone Developer";
				INFOPLIST_FILE = LosHermanosTuristas/Info.plist;
				LD_RUNPATH_SEARCH_PATHS = "$(inherited) @executable_path/Frameworks";
				PRODUCT_BUNDLE_IDENTIFIER = hackatruck.LosHermanosTuristas18;
				PRODUCT_NAME = "$(TARGET_NAME)";
				PROVISIONING_PROFILE = "";
			};
			name = Release;
		};
/* End XCBuildConfiguration section */

/* Begin XCConfigurationList section */
		3F041F201D79B93200DED750 /* Build configuration list for PBXProject "LosHermanosTuristas" */ = {
			isa = XCConfigurationList;
			buildConfigurations = (
				3F041F381D79B93200DED750 /* Debug */,
				3F041F391D79B93200DED750 /* Release */,
			);
			defaultConfigurationIsVisible = 0;
			defaultConfigurationName = Release;
		};
		3F041F3A1D79B93200DED750 /* Build configuration list for PBXNativeTarget "LosHermanosTuristas" */ = {
			isa = XCConfigurationList;
			buildConfigurations = (
				3F041F3B1D79B93200DED750 /* Debug */,
				3F041F3C1D79B93200DED750 /* Release */,
			);
			defaultConfigurationIsVisible = 0;
			defaultConfigurationName = Release;
		};
/* End XCConfigurationList section */

/* Begin XCVersionGroup section */
		3FDD34811D79BCE600AC2D8A /* LosHermanosTuristas.xcdatamodeld */ = {
			isa = XCVersionGroup;
			children = (
				3FDD34821D79BCE600AC2D8A /* LosHermanosTuristas.xcdatamodel */,
			);
			currentVersion = 3FDD34821D79BCE600AC2D8A /* LosHermanosTuristas.xcdatamodel */;
			path = LosHermanosTuristas.xcdatamodeld;
			sourceTree = "<group>";
			versionGroupType = wrapper.xcdatamodel;
		};
/* End XCVersionGroup section */
	};
	rootObject = 3F041F1D1D79B93200DED750 /* Project object */;
}
